
Microsoft Visual Studio Solution File, Format Version 12.00
# Visual Studio Version 16
VisualStudioVersion = 16.0.29509.3
MinimumVisualStudioVersion = 10.0.40219.1
Project("{9A19103F-16F7-4668-BE54-9A1E7A4F7556}") = "VkLiker", "VkLiker\VkLiker.csproj", "{28B73BA3-17A1-4080-8C54-56C1BACD68D2}"
EndProject
Project("{9A19103F-16F7-4668-BE54-9A1E7A4F7556}") = "Database", "Database\Database.csproj", "{84FFC775-7B8A-4E53-A7DD-9C32605E84F5}"
EndProject
Project("{9A19103F-16F7-4668-BE54-9A1E7A4F7556}") = "VkInteraction", "VkInteraction\VkInteraction.csproj", "{911AC48A-49F9-4F0B-99FA-04A52CF7CBA4}"
EndProject
Project("{9A19103F-16F7-4668-BE54-9A1E7A4F7556}") = "Domain", "Domain\Domain.csproj", "{01C0F997-3FC3-4CB8-AFDA-055474AF22F8}"
EndProject
Project("{FAE04EC0-301F-11D3-BF4B-00C04F79EFBC}") = "Common", "Common\Common.csproj", "{DC14F6E3-1C38-4BF1-B059-D233480508A3}"
EndProject
Global
	GlobalSection(SolutionConfigurationPlatforms) = preSolution
		Debug|Any CPU = Debug|Any CPU
		Release|Any CPU = Release|Any CPU
	EndGlobalSection
	GlobalSection(ProjectConfigurationPlatforms) = postSolution
		{28B73BA3-17A1-4080-8C54-56C1BACD68D2}.Debug|Any CPU.ActiveCfg = Debug|Any CPU
		{28B73BA3-17A1-4080-8C54-56C1BACD68D2}.Debug|Any CPU.Build.0 = Debug|Any CPU
		{28B73BA3-17A1-4080-8C54-56C1BACD68D2}.Release|Any CPU.ActiveCfg = Release|Any CPU
		{28B73BA3-17A1-4080-8C54-56C1BACD68D2}.Release|Any CPU.Build.0 = Release|Any CPU
		{84FFC775-7B8A-4E53-A7DD-9C32605E84F5}.Debug|Any CPU.ActiveCfg = Debug|Any CPU
		{84FFC775-7B8A-4E53-A7DD-9C32605E84F5}.Debug|Any CPU.Build.0 = Debug|Any CPU
		{84FFC775-7B8A-4E53-A7DD-9C32605E84F5}.Release|Any CPU.ActiveCfg = Release|Any CPU
		{84FFC775-7B8A-4E53-A7DD-9C32605E84F5}.Release|Any CPU.Build.0 = Release|Any CPU
		{911AC48A-49F9-4F0B-99FA-04A52CF7CBA4}.Debug|Any CPU.ActiveCfg = Debug|Any CPU
		{911AC48A-49F9-4F0B-99FA-04A52CF7CBA4}.Debug|Any CPU.Build.0 = Debug|Any CPU
		{911AC48A-49F9-4F0B-99FA-04A52CF7CBA4}.Release|Any CPU.ActiveCfg = Release|Any CPU
		{911AC48A-49F9-4F0B-99FA-04A52CF7CBA4}.Release|Any CPU.Build.0 = Release|Any CPU
		{01C0F997-3FC3-4CB8-AFDA-055474AF22F8}.Debug|Any CPU.ActiveCfg = Debug|Any CPU
		{01C0F997-3FC3-4CB8-AFDA-055474AF22F8}.Debug|Any CPU.Build.0 = Debug|Any CPU
		{01C0F997-3FC3-4CB8-AFDA-055474AF22F8}.Release|Any CPU.ActiveCfg = Release|Any CPU
		{01C0F997-3FC3-4CB8-AFDA-055474AF22F8}.Release|Any CPU.Build.0 = Release|Any CPU
		{DC14F6E3-1C38-4BF1-B059-D233480508A3}.Debug|Any CPU.ActiveCfg = Debug|Any CPU
		{DC14F6E3-1C38-4BF1-B059-D233480508A3}.Debug|Any CPU.Build.0 = Debug|Any CPU
		{DC14F6E3-1C38-4BF1-B059-D233480508A3}.Release|Any CPU.ActiveCfg = Release|Any CPU
		{DC14F6E3-1C38-4BF1-B059-D233480508A3}.Release|Any CPU.Build.0 = Release|Any CPU
	EndGlobalSection
	GlobalSection(SolutionProperties) = preSolution
		HideSolutionNode = FALSE
	EndGlobalSection
	GlobalSection(ExtensibilityGlobals) = postSolution
		SolutionGuid = {8F8D4DA0-949B-4B07-AACD-64382D809FB5}
	EndGlobalSection
EndGlobal
